// !$*UTF8*$!
{
	archiveVersion = 1;
	classes = {
	};
	objectVersion = 48;
	objects = {

/* Begin PBXBuildFile section */
		4C827D011F9A2CBC00F9473D /* LoginModelTests.swift in Sources */ = {isa = PBXBuildFile; fileRef = 4C827D001F9A2CBC00F9473D /* LoginModelTests.swift */; };
		4C827D031F9A2D2000F9473D /* LoginModel.swift in Sources */ = {isa = PBXBuildFile; fileRef = 4C827D021F9A2D2000F9473D /* LoginModel.swift */; };
		4C827D041F9A2D2000F9473D /* LoginModel.swift in Sources */ = {isa = PBXBuildFile; fileRef = 4C827D021F9A2D2000F9473D /* LoginModel.swift */; };
		4C827D061F9A82C600F9473D /* SignupModelTests.swift in Sources */ = {isa = PBXBuildFile; fileRef = 4C827D051F9A82C600F9473D /* SignupModelTests.swift */; };
		4C827D081F9A830400F9473D /* SignupModel.swift in Sources */ = {isa = PBXBuildFile; fileRef = 4C827D071F9A830400F9473D /* SignupModel.swift */; };
		4C827D091F9A832F00F9473D /* SignupModel.swift in Sources */ = {isa = PBXBuildFile; fileRef = 4C827D071F9A830400F9473D /* SignupModel.swift */; };
		4C95F77C1F964E0B0065BD6D /* AppDelegate.swift in Sources */ = {isa = PBXBuildFile; fileRef = 4C95F77B1F964E0B0065BD6D /* AppDelegate.swift */; };
		4C95F7811F964E0B0065BD6D /* Main.storyboard in Resources */ = {isa = PBXBuildFile; fileRef = 4C95F77F1F964E0B0065BD6D /* Main.storyboard */; };
		4C95F7831F964E0B0065BD6D /* Assets.xcassets in Resources */ = {isa = PBXBuildFile; fileRef = 4C95F7821F964E0B0065BD6D /* Assets.xcassets */; };
		4C95F7861F964E0B0065BD6D /* LaunchScreen.storyboard in Resources */ = {isa = PBXBuildFile; fileRef = 4C95F7841F964E0B0065BD6D /* LaunchScreen.storyboard */; };
		4C95F7A01F9654E90065BD6D /* LoginViewController.swift in Sources */ = {isa = PBXBuildFile; fileRef = 4C95F79F1F9654E90065BD6D /* LoginViewController.swift */; };
		4C95F7A11F9654E90065BD6D /* LoginViewController.swift in Sources */ = {isa = PBXBuildFile; fileRef = 4C95F79F1F9654E90065BD6D /* LoginViewController.swift */; };
		4C95F7A31F96550F0065BD6D /* CreateAccountViewController.swift in Sources */ = {isa = PBXBuildFile; fileRef = 4C95F7A21F96550F0065BD6D /* CreateAccountViewController.swift */; };
		4C95F7A41F96550F0065BD6D /* CreateAccountViewController.swift in Sources */ = {isa = PBXBuildFile; fileRef = 4C95F7A21F96550F0065BD6D /* CreateAccountViewController.swift */; };
/* End PBXBuildFile section */

/* Begin PBXContainerItemProxy section */
		4C95F78D1F964E0B0065BD6D /* PBXContainerItemProxy */ = {
			isa = PBXContainerItemProxy;
			containerPortal = 4C95F7701F964E0B0065BD6D /* Project object */;
			proxyType = 1;
			remoteGlobalIDString = 4C95F7771F964E0B0065BD6D;
			remoteInfo = LoginForm;
		};
/* End PBXContainerItemProxy section */

/* Begin PBXFileReference section */
		4C827D001F9A2CBC00F9473D /* LoginModelTests.swift */ = {isa = PBXFileReference; lastKnownFileType = sourcecode.swift; path = LoginModelTests.swift; sourceTree = "<group>"; };
		4C827D021F9A2D2000F9473D /* LoginModel.swift */ = {isa = PBXFileReference; lastKnownFileType = sourcecode.swift; path = LoginModel.swift; sourceTree = "<group>"; };
		4C827D051F9A82C600F9473D /* SignupModelTests.swift */ = {isa = PBXFileReference; lastKnownFileType = sourcecode.swift; path = SignupModelTests.swift; sourceTree = "<group>"; };
		4C827D071F9A830400F9473D /* SignupModel.swift */ = {isa = PBXFileReference; lastKnownFileType = sourcecode.swift; path = SignupModel.swift; sourceTree = "<group>"; };
		4C95F7781F964E0B0065BD6D /* LoginForm.app */ = {isa = PBXFileReference; explicitFileType = wrapper.application; includeInIndex = 0; path = LoginForm.app; sourceTree = BUILT_PRODUCTS_DIR; };
		4C95F77B1F964E0B0065BD6D /* AppDelegate.swift */ = {isa = PBXFileReference; lastKnownFileType = sourcecode.swift; path = AppDelegate.swift; sourceTree = "<group>"; };
		4C95F7801F964E0B0065BD6D /* Base */ = {isa = PBXFileReference; lastKnownFileType = file.storyboard; name = Base; path = Base.lproj/Main.storyboard; sourceTree = "<group>"; };
		4C95F7821F964E0B0065BD6D /* Assets.xcassets */ = {isa = PBXFileReference; lastKnownFileType = folder.assetcatalog; path = Assets.xcassets; sourceTree = "<group>"; };
		4C95F7851F964E0B0065BD6D /* Base */ = {isa = PBXFileReference; lastKnownFileType = file.storyboard; name = Base; path = Base.lproj/LaunchScreen.storyboard; sourceTree = "<group>"; };
		4C95F7871F964E0B0065BD6D /* Info.plist */ = {isa = PBXFileReference; lastKnownFileType = text.plist.xml; path = Info.plist; sourceTree = "<group>"; };
		4C95F78C1F964E0B0065BD6D /* LoginFormTests.xctest */ = {isa = PBXFileReference; explicitFileType = wrapper.cfbundle; includeInIndex = 0; path = LoginFormTests.xctest; sourceTree = BUILT_PRODUCTS_DIR; };
		4C95F7921F964E0B0065BD6D /* Info.plist */ = {isa = PBXFileReference; lastKnownFileType = text.plist.xml; path = Info.plist; sourceTree = "<group>"; };
		4C95F79F1F9654E90065BD6D /* LoginViewController.swift */ = {isa = PBXFileReference; lastKnownFileType = sourcecode.swift; path = LoginViewController.swift; sourceTree = "<group>"; };
		4C95F7A21F96550F0065BD6D /* CreateAccountViewController.swift */ = {isa = PBXFileReference; lastKnownFileType = sourcecode.swift; path = CreateAccountViewController.swift; sourceTree = "<group>"; };
/* End PBXFileReference section */

/* Begin PBXFrameworksBuildPhase section */
		4C95F7751F964E0B0065BD6D /* Frameworks */ = {
			isa = PBXFrameworksBuildPhase;
			buildActionMask = 2147483647;
			files = (
			);
			runOnlyForDeploymentPostprocessing = 0;
		};
		4C95F7891F964E0B0065BD6D /* Frameworks */ = {
			isa = PBXFrameworksBuildPhase;
			buildActionMask = 2147483647;
			files = (
			);
			runOnlyForDeploymentPostprocessing = 0;
		};
/* End PBXFrameworksBuildPhase section */

/* Begin PBXGroup section */
		4C95F76F1F964E0B0065BD6D = {
			isa = PBXGroup;
			children = (
				4C95F77A1F964E0B0065BD6D /* LoginForm */,
				4C95F78F1F964E0B0065BD6D /* LoginFormTests */,
				4C95F7791F964E0B0065BD6D /* Products */,
			);
			sourceTree = "<group>";
		};
		4C95F7791F964E0B0065BD6D /* Products */ = {
			isa = PBXGroup;
			children = (
				4C95F7781F964E0B0065BD6D /* LoginForm.app */,
				4C95F78C1F964E0B0065BD6D /* LoginFormTests.xctest */,
			);
			name = Products;
			sourceTree = "<group>";
		};
		4C95F77A1F964E0B0065BD6D /* LoginForm */ = {
			isa = PBXGroup;
			children = (
				4C95F79B1F964E620065BD6D /* View */,
				4C95F79C1F964E710065BD6D /* Model */,
				4C95F79D1F964E7F0065BD6D /* ViewModel */,
				4C95F79E1F964E890065BD6D /* Protocols */,
				4C95F77B1F964E0B0065BD6D /* AppDelegate.swift */,
				4C95F77F1F964E0B0065BD6D /* Main.storyboard */,
				4C95F7821F964E0B0065BD6D /* Assets.xcassets */,
				4C95F7841F964E0B0065BD6D /* LaunchScreen.storyboard */,
				4C95F7871F964E0B0065BD6D /* Info.plist */,
			);
			path = LoginForm;
			sourceTree = "<group>";
		};
		4C95F78F1F964E0B0065BD6D /* LoginFormTests */ = {
			isa = PBXGroup;
			children = (
				4C95F7921F964E0B0065BD6D /* Info.plist */,
				4C827D001F9A2CBC00F9473D /* LoginModelTests.swift */,
				4C827D051F9A82C600F9473D /* SignupModelTests.swift */,
			);
			path = LoginFormTests;
			sourceTree = "<group>";
		};
		4C95F79B1F964E620065BD6D /* View */ = {
			isa = PBXGroup;
			children = (
				4C95F79F1F9654E90065BD6D /* LoginViewController.swift */,
				4C95F7A21F96550F0065BD6D /* CreateAccountViewController.swift */,
			);
			path = View;
			sourceTree = "<group>";
		};
		4C95F79C1F964E710065BD6D /* Model */ = {
			isa = PBXGroup;
			children = (
				4C827D021F9A2D2000F9473D /* LoginModel.swift */,
				4C827D071F9A830400F9473D /* SignupModel.swift */,
			);
			path = Model;
			sourceTree = "<group>";
		};
		4C95F79D1F964E7F0065BD6D /* ViewModel */ = {
			isa = PBXGroup;
			children = (
			);
			path = ViewModel;
			sourceTree = "<group>";
		};
		4C95F79E1F964E890065BD6D /* Protocols */ = {
			isa = PBXGroup;
			children = (
			);
			path = Protocols;
			sourceTree = "<group>";
		};
/* End PBXGroup section */

/* Begin PBXNativeTarget section */
		4C95F7771F964E0B0065BD6D /* LoginForm */ = {
			isa = PBXNativeTarget;
			buildConfigurationList = 4C95F7951F964E0B0065BD6D /* Build configuration list for PBXNativeTarget "LoginForm" */;
			buildPhases = (
				4C95F7741F964E0B0065BD6D /* Sources */,
				4C95F7751F964E0B0065BD6D /* Frameworks */,
				4C95F7761F964E0B0065BD6D /* Resources */,
			);
			buildRules = (
			);
			dependencies = (
			);
			name = LoginForm;
			productName = LoginForm;
			productReference = 4C95F7781F964E0B0065BD6D /* LoginForm.app */;
			productType = "com.apple.product-type.application";
		};
		4C95F78B1F964E0B0065BD6D /* LoginFormTests */ = {
			isa = PBXNativeTarget;
			buildConfigurationList = 4C95F7981F964E0B0065BD6D /* Build configuration list for PBXNativeTarget "LoginFormTests" */;
			buildPhases = (
				4C95F7881F964E0B0065BD6D /* Sources */,
				4C95F7891F964E0B0065BD6D /* Frameworks */,
				4C95F78A1F964E0B0065BD6D /* Resources */,
			);
			buildRules = (
			);
			dependencies = (
				4C95F78E1F964E0B0065BD6D /* PBXTargetDependency */,
			);
			name = LoginFormTests;
			productName = LoginFormTests;
			productReference = 4C95F78C1F964E0B0065BD6D /* LoginFormTests.xctest */;
			productType = "com.apple.product-type.bundle.unit-test";
		};
/* End PBXNativeTarget section */

/* Begin PBXProject section */
		4C95F7701F964E0B0065BD6D /* Project object */ = {
			isa = PBXProject;
			attributes = {
				LastSwiftUpdateCheck = 0900;
				LastUpgradeCheck = 0900;
				ORGANIZATIONNAME = charland;
				TargetAttributes = {
					4C95F7771F964E0B0065BD6D = {
						CreatedOnToolsVersion = 9.0;
						ProvisioningStyle = Automatic;
					};
					4C95F78B1F964E0B0065BD6D = {
						CreatedOnToolsVersion = 9.0;
						ProvisioningStyle = Automatic;
					};
				};
			};
			buildConfigurationList = 4C95F7731F964E0B0065BD6D /* Build configuration list for PBXProject "LoginForm" */;
			compatibilityVersion = "Xcode 8.0";
			developmentRegion = en;
			hasScannedForEncodings = 0;
			knownRegions = (
				en,
				Base,
			);
			mainGroup = 4C95F76F1F964E0B0065BD6D;
			productRefGroup = 4C95F7791F964E0B0065BD6D /* Products */;
			projectDirPath = "";
			projectRoot = "";
			targets = (
				4C95F7771F964E0B0065BD6D /* LoginForm */,
				4C95F78B1F964E0B0065BD6D /* LoginFormTests */,
			);
		};
/* End PBXProject section */

/* Begin PBXResourcesBuildPhase section */
		4C95F7761F964E0B0065BD6D /* Resources */ = {
			isa = PBXResourcesBuildPhase;
			buildActionMask = 2147483647;
			files = (
				4C95F7861F964E0B0065BD6D /* LaunchScreen.storyboard in Resources */,
				4C95F7831F964E0B0065BD6D /* Assets.xcassets in Resources */,
				4C95F7811F964E0B0065BD6D /* Main.storyboard in Resources */,
			);
			runOnlyForDeploymentPostprocessing = 0;
		};
		4C95F78A1F964E0B0065BD6D /* Resources */ = {
			isa = PBXResourcesBuildPhase;
			buildActionMask = 2147483647;
			files = (
			);
			runOnlyForDeploymentPostprocessing = 0;
		};
/* End PBXResourcesBuildPhase section */

/* Begin PBXSourcesBuildPhase section */
		4C95F7741F964E0B0065BD6D /* Sources */ = {
			isa = PBXSourcesBuildPhase;
			buildActionMask = 2147483647;
			files = (
				4C95F7A31F96550F0065BD6D /* CreateAccountViewController.swift in Sources */,
				4C827D081F9A830400F9473D /* SignupModel.swift in Sources */,
				4C827D031F9A2D2000F9473D /* LoginModel.swift in Sources */,
				4C95F7A01F9654E90065BD6D /* LoginViewController.swift in Sources */,
				4C95F77C1F964E0B0065BD6D /* AppDelegate.swift in Sources */,
			);
			runOnlyForDeploymentPostprocessing = 0;
		};
		4C95F7881F964E0B0065BD6D /* Sources */ = {
			isa = PBXSourcesBuildPhase;
			buildActionMask = 2147483647;
			files = (
				4C95F7A41F96550F0065BD6D /* CreateAccountViewController.swift in Sources */,
				4C827D041F9A2D2000F9473D /* LoginModel.swift in Sources */,
				4C95F7A11F9654E90065BD6D /* LoginViewController.swift in Sources */,
				4C827D061F9A82C600F9473D /* SignupModelTests.swift in Sources */,
				4C827D011F9A2CBC00F9473D /* LoginModelTests.swift in Sources */,
				4C827D091F9A832F00F9473D /* SignupModel.swift in Sources */,
			);
			runOnlyForDeploymentPostprocessing = 0;
		};
/* End PBXSourcesBuildPhase section */

/* Begin PBXTargetDependency section */
		4C95F78E1F964E0B0065BD6D /* PBXTargetDependency */ = {
			isa = PBXTargetDependency;
			target = 4C95F7771F964E0B0065BD6D /* LoginForm */;
			targetProxy = 4C95F78D1F964E0B0065BD6D /* PBXContainerItemProxy */;
		};
/* End PBXTargetDependency section */

/* Begin PBXVariantGroup section */
		4C95F77F1F964E0B0065BD6D /* Main.storyboard */ = {
			isa = PBXVariantGroup;
			children = (
				4C95F7801F964E0B0065BD6D /* Base */,
			);
			name = Main.storyboard;
			sourceTree = "<group>";
		};
		4C95F7841F964E0B0065BD6D /* LaunchScreen.storyboard */ = {
			isa = PBXVariantGroup;
			children = (
				4C95F7851F964E0B0065BD6D /* Base */,
			);
			name = LaunchScreen.storyboard;
			sourceTree = "<group>";
		};
/* End PBXVariantGroup section */

/* Begin XCBuildConfiguration section */
		4C95F7931F964E0B0065BD6D /* Debug */ = {
			isa = XCBuildConfiguration;
			buildSettings = {
				ALWAYS_SEARCH_USER_PATHS = NO;
				CLANG_ANALYZER_NONNULL = YES;
				CLANG_ANALYZER_NUMBER_OBJECT_CONVERSION = YES_AGGRESSIVE;
				CLANG_CXX_LANGUAGE_STANDARD = "gnu++14";
				CLANG_CXX_LIBRARY = "libc++";
				CLANG_ENABLE_MODULES = YES;
				CLANG_ENABLE_OBJC_ARC = YES;
				CLANG_WARN_BLOCK_CAPTURE_AUTORELEASING = YES;
				CLANG_WARN_BOOL_CONVERSION = YES;
				CLANG_WARN_COMMA = YES;
				CLANG_WARN_CONSTANT_CONVERSION = YES;
				CLANG_WARN_DIRECT_OBJC_ISA_USAGE = YES_ERROR;
				CLANG_WARN_DOCUMENTATION_COMMENTS = YES;
				CLANG_WARN_EMPTY_BODY = YES;
				CLANG_WARN_ENUM_CONVERSION = YES;
				CLANG_WARN_INFINITE_RECURSION = YES;
				CLANG_WARN_INT_CONVERSION = YES;
				CLANG_WARN_NON_LITERAL_NULL_CONVERSION = YES;
				CLANG_WARN_OBJC_LITERAL_CONVERSION = YES;
				CLANG_WARN_OBJC_ROOT_CLASS = YES_ERROR;
				CLANG_WARN_RANGE_LOOP_ANALYSIS = YES;
				CLANG_WARN_STRICT_PROTOTYPES = YES;
				CLANG_WARN_SUSPICIOUS_MOVE = YES;
				CLANG_WARN_UNGUARDED_AVAILABILITY = YES_AGGRESSIVE;
				CLANG_WARN_UNREACHABLE_CODE = YES;
				CLANG_WARN__DUPLICATE_METHOD_MATCH = YES;
				CODE_SIGN_IDENTITY = "iPhone Developer";
				COPY_PHASE_STRIP = NO;
				DEBUG_INFORMATION_FORMAT = dwarf;
				ENABLE_STRICT_OBJC_MSGSEND = YES;
				ENABLE_TESTABILITY = YES;
				GCC_C_LANGUAGE_STANDARD = gnu11;
				GCC_DYNAMIC_NO_PIC = NO;
				GCC_NO_COMMON_BLOCKS = YES;
				GCC_OPTIMIZATION_LEVEL = 0;
				GCC_PREPROCESSOR_DEFINITIONS = (
					"DEBUG=1",
					"$(inherited)",
				);
				GCC_WARN_64_TO_32_BIT_CONVERSION = YES;
				GCC_WARN_ABOUT_RETURN_TYPE = YES_ERROR;
				GCC_WARN_UNDECLARED_SELECTOR = YES;
				GCC_WARN_UNINITIALIZED_AUTOS = YES_AGGRESSIVE;
				GCC_WARN_UNUSED_FUNCTION = YES;
				GCC_WARN_UNUSED_VARIABLE = YES;
				IPHONEOS_DEPLOYMENT_TARGET = 11.0;
				MTL_ENABLE_DEBUG_INFO = YES;
				ONLY_ACTIVE_ARCH = YES;
				SDKROOT = iphoneos;
				SWIFT_ACTIVE_COMPILATION_CONDITIONS = DEBUG;
				SWIFT_OPTIMIZATION_LEVEL = "-Onone";
			};
			name = Debug;
		};
		4C95F7941F964E0B0065BD6D /* Release */ = {
			isa = XCBuildConfiguration;
			buildSettings = {
				ALWAYS_SEARCH_USER_PATHS = NO;
				CLANG_ANALYZER_NONNULL = YES;
				CLANG_ANALYZER_NUMBER_OBJECT_CONVERSION = YES_AGGRESSIVE;
				CLANG_CXX_LANGUAGE_STANDARD = "gnu++14";
				CLANG_CXX_LIBRARY = "libc++";
				CLANG_ENABLE_MODULES = YES;
				CLANG_ENABLE_OBJC_ARC = YES;
				CLANG_WARN_BLOCK_CAPTURE_AUTORELEASING = YES;
				CLANG_WARN_BOOL_CONVERSION = YES;
				CLANG_WARN_COMMA = YES;
				CLANG_WARN_CONSTANT_CONVERSION = YES;
				CLANG_WARN_DIRECT_OBJC_ISA_USAGE = YES_ERROR;
				CLANG_WARN_DOCUMENTATION_COMMENTS = YES;
				CLANG_WARN_EMPTY_BODY = YES;
				CLANG_WARN_ENUM_CONVERSION = YES;
				CLANG_WARN_INFINITE_RECURSION = YES;
				CLANG_WARN_INT_CONVERSION = YES;
				CLANG_WARN_NON_LITERAL_NULL_CONVERSION = YES;
				CLANG_WARN_OBJC_LITERAL_CONVERSION = YES;
				CLANG_WARN_OBJC_ROOT_CLASS = YES_ERROR;
				CLANG_WARN_RANGE_LOOP_ANALYSIS = YES;
				CLANG_WARN_STRICT_PROTOTYPES = YES;
				CLANG_WARN_SUSPICIOUS_MOVE = YES;
				CLANG_WARN_UNGUARDED_AVAILABILITY = YES_AGGRESSIVE;
				CLANG_WARN_UNREACHABLE_CODE = YES;
				CLANG_WARN__DUPLICATE_METHOD_MATCH = YES;
				CODE_SIGN_IDENTITY = "iPhone Developer";
				COPY_PHASE_STRIP = NO;
				DEBUG_INFORMATION_FORMAT = "dwarf-with-dsym";
				ENABLE_NS_ASSERTIONS = NO;
				ENABLE_STRICT_OBJC_MSGSEND = YES;
				GCC_C_LANGUAGE_STANDARD = gnu11;
				GCC_NO_COMMON_BLOCKS = YES;
				GCC_WARN_64_TO_32_BIT_CONVERSION = YES;
				GCC_WARN_ABOUT_RETURN_TYPE = YES_ERROR;
				GCC_WARN_UNDECLARED_SELECTOR = YES;
				GCC_WARN_UNINITIALIZED_AUTOS = YES_AGGRESSIVE;
				GCC_WARN_UNUSED_FUNCTION = YES;
				GCC_WARN_UNUSED_VARIABLE = YES;
				IPHONEOS_DEPLOYMENT_TARGET = 11.0;
				MTL_ENABLE_DEBUG_INFO = NO;
				SDKROOT = iphoneos;
				SWIFT_OPTIMIZATION_LEVEL = "-Owholemodule";
				VALIDATE_PRODUCT = YES;
			};
			name = Release;
		};
		4C95F7961F964E0B0065BD6D /* Debug */ = {
			isa = XCBuildConfiguration;
			buildSettings = {
				ASSETCATALOG_COMPILER_APPICON_NAME = AppIcon;
				CODE_SIGN_STYLE = Automatic;
				DEVELOPMENT_TEAM = CY96495443;
				INFOPLIST_FILE = LoginForm/Info.plist;
				LD_RUNPATH_SEARCH_PATHS = "$(inherited) @executable_path/Frameworks";
				PRODUCT_BUNDLE_IDENTIFIER = ca.charland.LoginForm;
				PRODUCT_NAME = "$(TARGET_NAME)";
				SWIFT_VERSION = 4.0;
				TARGETED_DEVICE_FAMILY = "1,2";
			};
			name = Debug;
		};
		4C95F7971F964E0B0065BD6D /* Release */ = {
			isa = XCBuildConfiguration;
			buildSettings = {
				ASSETCATALOG_COMPILER_APPICON_NAME = AppIcon;
				CODE_SIGN_STYLE = Automatic;
				DEVELOPMENT_TEAM = CY96495443;
				INFOPLIST_FILE = LoginForm/Info.plist;
				LD_RUNPATH_SEARCH_PATHS = "$(inherited) @executable_path/Frameworks";
				PRODUCT_BUNDLE_IDENTIFIER = ca.charland.LoginForm;
				PRODUCT_NAME = "$(TARGET_NAME)";
				SWIFT_VERSION = 4.0;
				TARGETED_DEVICE_FAMILY = "1,2";
			};
			name = Release;
		};
		4C95F7991F964E0B0065BD6D /* Debug */ = {
			isa = XCBuildConfiguration;
			buildSettings = {
				ALWAYS_EMBED_SWIFT_STANDARD_LIBRARIES = YES;
				CODE_SIGN_STYLE = Automatic;
				DEVELOPMENT_TEAM = CY96495443;
				INFOPLIST_FILE = LoginFormTests/Info.plist;
				LD_RUNPATH_SEARCH_PATHS = "$(inherited) @executable_path/Frameworks @loader_path/Frameworks";
				PRODUCT_BUNDLE_IDENTIFIER = ca.charland.LoginFormTests;
				PRODUCT_NAME = "$(TARGET_NAME)";
				SWIFT_VERSION = 4.0;
				TARGETED_DEVICE_FAMILY = "1,2";
			};
			name = Debug;
		};
		4C95F79A1F964E0B0065BD6D /* Release */ = {
			isa = XCBuildConfiguration;
			buildSettings = {
				ALWAYS_EMBED_SWIFT_STANDARD_LIBRARIES = YES;
				CODE_SIGN_STYLE = Automatic;
				DEVELOPMENT_TEAM = CY96495443;
				INFOPLIST_FILE = LoginFormTests/Info.plist;
				LD_RUNPATH_SEARCH_PATHS = "$(inherited) @executable_path/Frameworks @loader_path/Frameworks";
				PRODUCT_BUNDLE_IDENTIFIER = ca.charland.LoginFormTests;
				PRODUCT_NAME = "$(TARGET_NAME)";
				SWIFT_VERSION = 4.0;
				TARGETED_DEVICE_FAMILY = "1,2";
			};
			name = Release;
		};
/* End XCBuildConfiguration section */

/* Begin XCConfigurationList section */
		4C95F7731F964E0B0065BD6D /* Build configuration list for PBXProject "LoginForm" */ = {
			isa = XCConfigurationList;
			buildConfigurations = (
				4C95F7931F964E0B0065BD6D /* Debug */,
				4C95F7941F964E0B0065BD6D /* Release */,
			);
			defaultConfigurationIsVisible = 0;
			defaultConfigurationName = Release;
		};
		4C95F7951F964E0B0065BD6D /* Build configuration list for PBXNativeTarget "LoginForm" */ = {
			isa = XCConfigurationList;
			buildConfigurations = (
				4C95F7961F964E0B0065BD6D /* Debug */,
				4C95F7971F964E0B0065BD6D /* Release */,
			);
			defaultConfigurationIsVisible = 0;
			defaultConfigurationName = Release;
		};
		4C95F7981F964E0B0065BD6D /* Build configuration list for PBXNativeTarget "LoginFormTests" */ = {
			isa = XCConfigurationList;
			buildConfigurations = (
				4C95F7991F964E0B0065BD6D /* Debug */,
				4C95F79A1F964E0B0065BD6D /* Release */,
			);
			defaultConfigurationIsVisible = 0;
			defaultConfigurationName = Release;
		};
/* End XCConfigurationList section */
	};
	rootObject = 4C95F7701F964E0B0065BD6D /* Project object */;
}
